// !$*UTF8*$!
{
	archiveVersion = 1;
	classes = {
	};
	objectVersion = 54;
	objects = {

/* Begin PBXBuildFile section */
		B8287A8A2B91904A002B8195 /* GesturePickerViewController.swift in Sources */ = {isa = PBXBuildFile; fileRef = B8287A892B91904A002B8195 /* GesturePickerViewController.swift */; };
		B8500EF42B2702A90039C1A7 /* SceneProperties.swift in Sources */ = {isa = PBXBuildFile; fileRef = B8500EF32B2702A90039C1A7 /* SceneProperties.swift */; };
		B8500EF62B2850210039C1A7 /* SettingsProperties.swift in Sources */ = {isa = PBXBuildFile; fileRef = B8500EF52B2850210039C1A7 /* SettingsProperties.swift */; };
		B89BB6B12B2FED330053E445 /* SettingsProvider.swift in Sources */ = {isa = PBXBuildFile; fileRef = B89BB6B02B2FED330053E445 /* SettingsProvider.swift */; };
		B8CE168F2B982C150072CD61 /* SegmentedControlCell.swift in Sources */ = {isa = PBXBuildFile; fileRef = B8CE168E2B982C150072CD61 /* SegmentedControlCell.swift */; };
		B8CE16922B9831B10072CD61 /* DeviceOrientation.swift in Sources */ = {isa = PBXBuildFile; fileRef = B8CE16912B9831B10072CD61 /* DeviceOrientation.swift */; };
		B8F1DE182B2AA52400E134D3 /* PlayerAction.swift in Sources */ = {isa = PBXBuildFile; fileRef = B8F1DE172B2AA52400E134D3 /* PlayerAction.swift */; };
		B8F1DE1A2B2AA53400E134D3 /* PlayerGesture.swift in Sources */ = {isa = PBXBuildFile; fileRef = B8F1DE192B2AA53400E134D3 /* PlayerGesture.swift */; };
		B8F1DE1C2B2AAC7300E134D3 /* ActionCell.swift in Sources */ = {isa = PBXBuildFile; fileRef = B8F1DE1B2B2AAC7300E134D3 /* ActionCell.swift */; };
		D70C959326EB7D6300455017 /* AppDelegate.swift in Sources */ = {isa = PBXBuildFile; fileRef = D70C959226EB7D6300455017 /* AppDelegate.swift */; };
		D70C959526EB7D6300455017 /* SceneDelegate.swift in Sources */ = {isa = PBXBuildFile; fileRef = D70C959426EB7D6300455017 /* SceneDelegate.swift */; };
		D70C959726EB7D6300455017 /* VideoViewController.swift in Sources */ = {isa = PBXBuildFile; fileRef = D70C959626EB7D6300455017 /* VideoViewController.swift */; };
		D70C959C26EB7D6800455017 /* Assets.xcassets in Resources */ = {isa = PBXBuildFile; fileRef = D70C959B26EB7D6800455017 /* Assets.xcassets */; };
		D70C959F26EB7D6800455017 /* LaunchScreen.storyboard in Resources */ = {isa = PBXBuildFile; fileRef = D70C959D26EB7D6800455017 /* LaunchScreen.storyboard */; };
		D739BA1F276091D2002B1D53 /* SceneKit Asset Catalog.scnassets in Resources */ = {isa = PBXBuildFile; fileRef = D739BA1E276091D2002B1D53 /* SceneKit Asset Catalog.scnassets */; };
		D7583BB329DA7BE600EC316C /* SettingsViewController.swift in Sources */ = {isa = PBXBuildFile; fileRef = D7583BB229DA7BE500EC316C /* SettingsViewController.swift */; };
		D79B16B929DB999A00D35ADF /* InputTextCell.swift in Sources */ = {isa = PBXBuildFile; fileRef = D79B16B829DB999900D35ADF /* InputTextCell.swift */; };
		D79B16BC29DBC13900D35ADF /* SettingsOption.swift in Sources */ = {isa = PBXBuildFile; fileRef = D79B16BB29DBC13900D35ADF /* SettingsOption.swift */; };
		D7CF882126EED057004D433F /* DocumentBrowserViewController.swift in Sources */ = {isa = PBXBuildFile; fileRef = D7CF882026EED056004D433F /* DocumentBrowserViewController.swift */; };
		D7CF882726EED340004D433F /* Document.swift in Sources */ = {isa = PBXBuildFile; fileRef = D7CF882626EED340004D433F /* Document.swift */; };
/* End PBXBuildFile section */

/* Begin PBXFileReference section */
		B8287A892B91904A002B8195 /* GesturePickerViewController.swift */ = {isa = PBXFileReference; lastKnownFileType = sourcecode.swift; path = GesturePickerViewController.swift; sourceTree = "<group>"; };
		B8500EF32B2702A90039C1A7 /* SceneProperties.swift */ = {isa = PBXFileReference; lastKnownFileType = sourcecode.swift; path = SceneProperties.swift; sourceTree = "<group>"; };
		B8500EF52B2850210039C1A7 /* SettingsProperties.swift */ = {isa = PBXFileReference; lastKnownFileType = sourcecode.swift; path = SettingsProperties.swift; sourceTree = "<group>"; };
		B89BB6B02B2FED330053E445 /* SettingsProvider.swift */ = {isa = PBXFileReference; lastKnownFileType = sourcecode.swift; path = SettingsProvider.swift; sourceTree = "<group>"; };
		B8CE168E2B982C150072CD61 /* SegmentedControlCell.swift */ = {isa = PBXFileReference; lastKnownFileType = sourcecode.swift; path = SegmentedControlCell.swift; sourceTree = "<group>"; };
		B8CE16912B9831B10072CD61 /* DeviceOrientation.swift */ = {isa = PBXFileReference; lastKnownFileType = sourcecode.swift; path = DeviceOrientation.swift; sourceTree = "<group>"; };
		B8F1DE172B2AA52400E134D3 /* PlayerAction.swift */ = {isa = PBXFileReference; lastKnownFileType = sourcecode.swift; path = PlayerAction.swift; sourceTree = "<group>"; };
		B8F1DE192B2AA53400E134D3 /* PlayerGesture.swift */ = {isa = PBXFileReference; lastKnownFileType = sourcecode.swift; path = PlayerGesture.swift; sourceTree = "<group>"; };
		B8F1DE1B2B2AAC7300E134D3 /* ActionCell.swift */ = {isa = PBXFileReference; lastKnownFileType = sourcecode.swift; path = ActionCell.swift; sourceTree = "<group>"; };
		D70C958F26EB7D6300455017 /* Movie-3D-Player.app */ = {isa = PBXFileReference; explicitFileType = wrapper.application; includeInIndex = 0; path = "Movie-3D-Player.app"; sourceTree = BUILT_PRODUCTS_DIR; };
		D70C959226EB7D6300455017 /* AppDelegate.swift */ = {isa = PBXFileReference; lastKnownFileType = sourcecode.swift; path = AppDelegate.swift; sourceTree = "<group>"; };
		D70C959426EB7D6300455017 /* SceneDelegate.swift */ = {isa = PBXFileReference; lastKnownFileType = sourcecode.swift; path = SceneDelegate.swift; sourceTree = "<group>"; };
		D70C959626EB7D6300455017 /* VideoViewController.swift */ = {isa = PBXFileReference; lastKnownFileType = sourcecode.swift; path = VideoViewController.swift; sourceTree = "<group>"; };
		D70C959B26EB7D6800455017 /* Assets.xcassets */ = {isa = PBXFileReference; lastKnownFileType = folder.assetcatalog; path = Assets.xcassets; sourceTree = "<group>"; };
		D70C959E26EB7D6800455017 /* Base */ = {isa = PBXFileReference; lastKnownFileType = file.storyboard; name = Base; path = Base.lproj/LaunchScreen.storyboard; sourceTree = "<group>"; };
		D70C95A026EB7D6800455017 /* Info.plist */ = {isa = PBXFileReference; lastKnownFileType = text.plist.xml; path = Info.plist; sourceTree = "<group>"; };
		D739BA1E276091D2002B1D53 /* SceneKit Asset Catalog.scnassets */ = {isa = PBXFileReference; lastKnownFileType = wrapper.scnassets; path = "SceneKit Asset Catalog.scnassets"; sourceTree = "<group>"; };
		D7583BB229DA7BE500EC316C /* SettingsViewController.swift */ = {isa = PBXFileReference; lastKnownFileType = sourcecode.swift; path = SettingsViewController.swift; sourceTree = "<group>"; };
		D79B16B829DB999900D35ADF /* InputTextCell.swift */ = {isa = PBXFileReference; fileEncoding = 4; lastKnownFileType = sourcecode.swift; path = InputTextCell.swift; sourceTree = "<group>"; };
		D79B16BB29DBC13900D35ADF /* SettingsOption.swift */ = {isa = PBXFileReference; lastKnownFileType = sourcecode.swift; path = SettingsOption.swift; sourceTree = "<group>"; };
		D7CF882026EED056004D433F /* DocumentBrowserViewController.swift */ = {isa = PBXFileReference; lastKnownFileType = sourcecode.swift; path = DocumentBrowserViewController.swift; sourceTree = "<group>"; };
		D7CF882626EED340004D433F /* Document.swift */ = {isa = PBXFileReference; lastKnownFileType = sourcecode.swift; path = Document.swift; sourceTree = "<group>"; };
/* End PBXFileReference section */

/* Begin PBXFrameworksBuildPhase section */
		D70C958C26EB7D6300455017 /* Frameworks */ = {
			isa = PBXFrameworksBuildPhase;
			buildActionMask = 2147483647;
			files = (
			);
			runOnlyForDeploymentPostprocessing = 0;
		};
/* End PBXFrameworksBuildPhase section */

/* Begin PBXGroup section */
		B8CE16902B9830190072CD61 /* Services */ = {
			isa = PBXGroup;
			children = (
				B89BB6B02B2FED330053E445 /* SettingsProvider.swift */,
			);
			path = Services;
			sourceTree = "<group>";
		};
		D70C958626EB7D6300455017 = {
			isa = PBXGroup;
			children = (
				D70C959126EB7D6300455017 /* Movie-3D-Player */,
				D70C959026EB7D6300455017 /* Products */,
			);
			sourceTree = "<group>";
		};
		D70C959026EB7D6300455017 /* Products */ = {
			isa = PBXGroup;
			children = (
				D70C958F26EB7D6300455017 /* Movie-3D-Player.app */,
			);
			name = Products;
			sourceTree = "<group>";
		};
		D70C959126EB7D6300455017 /* Movie-3D-Player */ = {
			isa = PBXGroup;
			children = (
				D7CF882526EED32D004D433F /* Models */,
				D79B16BA29DB99A300D35ADF /* Views */,
				D7CF882226EED075004D433F /* Controllers */,
				B8CE16902B9830190072CD61 /* Services */,
				D70C959226EB7D6300455017 /* AppDelegate.swift */,
				D70C959426EB7D6300455017 /* SceneDelegate.swift */,
				D70C959B26EB7D6800455017 /* Assets.xcassets */,
				D739BA1E276091D2002B1D53 /* SceneKit Asset Catalog.scnassets */,
				D70C959D26EB7D6800455017 /* LaunchScreen.storyboard */,
				D70C95A026EB7D6800455017 /* Info.plist */,
			);
			path = "Movie-3D-Player";
			sourceTree = "<group>";
		};
		D79B16BA29DB99A300D35ADF /* Views */ = {
			isa = PBXGroup;
			children = (
				D79B16B829DB999900D35ADF /* InputTextCell.swift */,
				B8F1DE1B2B2AAC7300E134D3 /* ActionCell.swift */,
				B8CE168E2B982C150072CD61 /* SegmentedControlCell.swift */,
			);
			path = Views;
			sourceTree = "<group>";
		};
		D7CF882226EED075004D433F /* Controllers */ = {
			isa = PBXGroup;
			children = (
				D7CF882026EED056004D433F /* DocumentBrowserViewController.swift */,
				D70C959626EB7D6300455017 /* VideoViewController.swift */,
				D7583BB229DA7BE500EC316C /* SettingsViewController.swift */,
				B8287A892B91904A002B8195 /* GesturePickerViewController.swift */,
			);
			path = Controllers;
			sourceTree = "<group>";
		};
		D7CF882526EED32D004D433F /* Models */ = {
			isa = PBXGroup;
			children = (
				D7CF882626EED340004D433F /* Document.swift */,
				D79B16BB29DBC13900D35ADF /* SettingsOption.swift */,
				B8500EF32B2702A90039C1A7 /* SceneProperties.swift */,
				B8500EF52B2850210039C1A7 /* SettingsProperties.swift */,
				B8F1DE172B2AA52400E134D3 /* PlayerAction.swift */,
				B8F1DE192B2AA53400E134D3 /* PlayerGesture.swift */,
				B8CE16912B9831B10072CD61 /* DeviceOrientation.swift */,
			);
			path = Models;
			sourceTree = "<group>";
		};
/* End PBXGroup section */

/* Begin PBXNativeTarget section */
		D70C958E26EB7D6300455017 /* Movie-3D-Player */ = {
			isa = PBXNativeTarget;
			buildConfigurationList = D70C95A326EB7D6800455017 /* Build configuration list for PBXNativeTarget "Movie-3D-Player" */;
			buildPhases = (
				D70C958B26EB7D6300455017 /* Sources */,
				D70C958C26EB7D6300455017 /* Frameworks */,
				D70C958D26EB7D6300455017 /* Resources */,
				B8500EF22B26A5100039C1A7 /* ShellScript */,
			);
			buildRules = (
			);
			dependencies = (
			);
			name = "Movie-3D-Player";
			productName = 3Dplayer;
			productReference = D70C958F26EB7D6300455017 /* Movie-3D-Player.app */;
			productType = "com.apple.product-type.application";
		};
/* End PBXNativeTarget section */

/* Begin PBXProject section */
		D70C958726EB7D6300455017 /* Project object */ = {
			isa = PBXProject;
			attributes = {
				BuildIndependentTargetsInParallel = YES;
				LastSwiftUpdateCheck = 1250;
				LastUpgradeCheck = 1500;
				TargetAttributes = {
					D70C958E26EB7D6300455017 = {
						CreatedOnToolsVersion = 12.5.1;
					};
				};
			};
			buildConfigurationList = D70C958A26EB7D6300455017 /* Build configuration list for PBXProject "Movie-3D-Player" */;
			compatibilityVersion = "Xcode 9.3";
			developmentRegion = en;
			hasScannedForEncodings = 0;
			knownRegions = (
				en,
				Base,
			);
			mainGroup = D70C958626EB7D6300455017;
			productRefGroup = D70C959026EB7D6300455017 /* Products */;
			projectDirPath = "";
			projectRoot = "";
			targets = (
				D70C958E26EB7D6300455017 /* Movie-3D-Player */,
			);
		};
/* End PBXProject section */

/* Begin PBXResourcesBuildPhase section */
		D70C958D26EB7D6300455017 /* Resources */ = {
			isa = PBXResourcesBuildPhase;
			buildActionMask = 2147483647;
			files = (
				D739BA1F276091D2002B1D53 /* SceneKit Asset Catalog.scnassets in Resources */,
				D70C959F26EB7D6800455017 /* LaunchScreen.storyboard in Resources */,
				D70C959C26EB7D6800455017 /* Assets.xcassets in Resources */,
			);
			runOnlyForDeploymentPostprocessing = 0;
		};
/* End PBXResourcesBuildPhase section */

/* Begin PBXShellScriptBuildPhase section */
		B8500EF22B26A5100039C1A7 /* ShellScript */ = {
			isa = PBXShellScriptBuildPhase;
			alwaysOutOfDate = 1;
			buildActionMask = 2147483647;
			files = (
			);
			inputFileListPaths = (
			);
			inputPaths = (
			);
			outputFileListPaths = (
			);
			outputPaths = (
			);
			runOnlyForDeploymentPostprocessing = 0;
			shellPath = /bin/sh;
			shellScript = "export PATH=\"$PATH:/opt/homebrew/bin\"\nif which swiftlint > /dev/null; then\n    swiftlint\nelse\n    echo \"warning: SwiftLint is not installed.\"\n#    echo \"error: SwiftLint does not exist!\"\n#    exit 1\nfi\n";
		};
/* End PBXShellScriptBuildPhase section */

/* Begin PBXSourcesBuildPhase section */
		D70C958B26EB7D6300455017 /* Sources */ = {
			isa = PBXSourcesBuildPhase;
			buildActionMask = 2147483647;
			files = (
				D7CF882126EED057004D433F /* DocumentBrowserViewController.swift in Sources */,
				B8287A8A2B91904A002B8195 /* GesturePickerViewController.swift in Sources */,
				B8CE168F2B982C150072CD61 /* SegmentedControlCell.swift in Sources */,
				B89BB6B12B2FED330053E445 /* SettingsProvider.swift in Sources */,
				D79B16BC29DBC13900D35ADF /* SettingsOption.swift in Sources */,
				B8F1DE182B2AA52400E134D3 /* PlayerAction.swift in Sources */,
				D7CF882726EED340004D433F /* Document.swift in Sources */,
				D70C959726EB7D6300455017 /* VideoViewController.swift in Sources */,
				D70C959326EB7D6300455017 /* AppDelegate.swift in Sources */,
				B8F1DE1A2B2AA53400E134D3 /* PlayerGesture.swift in Sources */,
				B8F1DE1C2B2AAC7300E134D3 /* ActionCell.swift in Sources */,
				B8CE16922B9831B10072CD61 /* DeviceOrientation.swift in Sources */,
				D79B16B929DB999A00D35ADF /* InputTextCell.swift in Sources */,
				D70C959526EB7D6300455017 /* SceneDelegate.swift in Sources */,
				B8500EF62B2850210039C1A7 /* SettingsProperties.swift in Sources */,
				B8500EF42B2702A90039C1A7 /* SceneProperties.swift in Sources */,
				D7583BB329DA7BE600EC316C /* SettingsViewController.swift in Sources */,
			);
			runOnlyForDeploymentPostprocessing = 0;
		};
/* End PBXSourcesBuildPhase section */

/* Begin PBXVariantGroup section */
		D70C959D26EB7D6800455017 /* LaunchScreen.storyboard */ = {
			isa = PBXVariantGroup;
			children = (
				D70C959E26EB7D6800455017 /* Base */,
			);
			name = LaunchScreen.storyboard;
			sourceTree = "<group>";
		};
/* End PBXVariantGroup section */

/* Begin XCBuildConfiguration section */
		D70C95A126EB7D6800455017 /* Debug */ = {
			isa = XCBuildConfiguration;
			buildSettings = {
				ALWAYS_SEARCH_USER_PATHS = NO;
				ASSETCATALOG_COMPILER_GENERATE_SWIFT_ASSET_SYMBOL_EXTENSIONS = YES;
				CLANG_ANALYZER_NONNULL = YES;
				CLANG_ANALYZER_NUMBER_OBJECT_CONVERSION = YES_AGGRESSIVE;
				CLANG_CXX_LANGUAGE_STANDARD = "gnu++14";
				CLANG_CXX_LIBRARY = "libc++";
				CLANG_ENABLE_MODULES = YES;
				CLANG_ENABLE_OBJC_ARC = YES;
				CLANG_ENABLE_OBJC_WEAK = YES;
				CLANG_WARN_BLOCK_CAPTURE_AUTORELEASING = YES;
				CLANG_WARN_BOOL_CONVERSION = YES;
				CLANG_WARN_COMMA = YES;
				CLANG_WARN_CONSTANT_CONVERSION = YES;
				CLANG_WARN_DEPRECATED_OBJC_IMPLEMENTATIONS = YES;
				CLANG_WARN_DIRECT_OBJC_ISA_USAGE = YES_ERROR;
				CLANG_WARN_DOCUMENTATION_COMMENTS = YES;
				CLANG_WARN_EMPTY_BODY = YES;
				CLANG_WARN_ENUM_CONVERSION = YES;
				CLANG_WARN_INFINITE_RECURSION = YES;
				CLANG_WARN_INT_CONVERSION = YES;
				CLANG_WARN_NON_LITERAL_NULL_CONVERSION = YES;
				CLANG_WARN_OBJC_IMPLICIT_RETAIN_SELF = YES;
				CLANG_WARN_OBJC_LITERAL_CONVERSION = YES;
				CLANG_WARN_OBJC_ROOT_CLASS = YES_ERROR;
				CLANG_WARN_QUOTED_INCLUDE_IN_FRAMEWORK_HEADER = YES;
				CLANG_WARN_RANGE_LOOP_ANALYSIS = YES;
				CLANG_WARN_STRICT_PROTOTYPES = YES;
				CLANG_WARN_SUSPICIOUS_MOVE = YES;
				CLANG_WARN_UNGUARDED_AVAILABILITY = YES_AGGRESSIVE;
				CLANG_WARN_UNREACHABLE_CODE = YES;
				CLANG_WARN__DUPLICATE_METHOD_MATCH = YES;
				COPY_PHASE_STRIP = NO;
				DEBUG_INFORMATION_FORMAT = dwarf;
				ENABLE_STRICT_OBJC_MSGSEND = YES;
				ENABLE_TESTABILITY = YES;
				ENABLE_USER_SCRIPT_SANDBOXING = NO;
				GCC_C_LANGUAGE_STANDARD = gnu11;
				GCC_DYNAMIC_NO_PIC = NO;
				GCC_NO_COMMON_BLOCKS = YES;
				GCC_OPTIMIZATION_LEVEL = 0;
				GCC_PREPROCESSOR_DEFINITIONS = (
					"DEBUG=1",
					"$(inherited)",
				);
				GCC_WARN_64_TO_32_BIT_CONVERSION = YES;
				GCC_WARN_ABOUT_RETURN_TYPE = YES_ERROR;
				GCC_WARN_UNDECLARED_SELECTOR = YES;
				GCC_WARN_UNINITIALIZED_AUTOS = YES_AGGRESSIVE;
				GCC_WARN_UNUSED_FUNCTION = YES;
				GCC_WARN_UNUSED_VARIABLE = YES;
				IPHONEOS_DEPLOYMENT_TARGET = 16.0;
				MTL_ENABLE_DEBUG_INFO = INCLUDE_SOURCE;
				MTL_FAST_MATH = YES;
				ONLY_ACTIVE_ARCH = YES;
				SDKROOT = iphoneos;
				SWIFT_ACTIVE_COMPILATION_CONDITIONS = DEBUG;
				SWIFT_OPTIMIZATION_LEVEL = "-Onone";
			};
			name = Debug;
		};
		D70C95A226EB7D6800455017 /* Release */ = {
			isa = XCBuildConfiguration;
			buildSettings = {
				ALWAYS_SEARCH_USER_PATHS = NO;
				ASSETCATALOG_COMPILER_GENERATE_SWIFT_ASSET_SYMBOL_EXTENSIONS = YES;
				CLANG_ANALYZER_NONNULL = YES;
				CLANG_ANALYZER_NUMBER_OBJECT_CONVERSION = YES_AGGRESSIVE;
				CLANG_CXX_LANGUAGE_STANDARD = "gnu++14";
				CLANG_CXX_LIBRARY = "libc++";
				CLANG_ENABLE_MODULES = YES;
				CLANG_ENABLE_OBJC_ARC = YES;
				CLANG_ENABLE_OBJC_WEAK = YES;
				CLANG_WARN_BLOCK_CAPTURE_AUTORELEASING = YES;
				CLANG_WARN_BOOL_CONVERSION = YES;
				CLANG_WARN_COMMA = YES;
				CLANG_WARN_CONSTANT_CONVERSION = YES;
				CLANG_WARN_DEPRECATED_OBJC_IMPLEMENTATIONS = YES;
				CLANG_WARN_DIRECT_OBJC_ISA_USAGE = YES_ERROR;
				CLANG_WARN_DOCUMENTATION_COMMENTS = YES;
				CLANG_WARN_EMPTY_BODY = YES;
				CLANG_WARN_ENUM_CONVERSION = YES;
				CLANG_WARN_INFINITE_RECURSION = YES;
				CLANG_WARN_INT_CONVERSION = YES;
				CLANG_WARN_NON_LITERAL_NULL_CONVERSION = YES;
				CLANG_WARN_OBJC_IMPLICIT_RETAIN_SELF = YES;
				CLANG_WARN_OBJC_LITERAL_CONVERSION = YES;
				CLANG_WARN_OBJC_ROOT_CLASS = YES_ERROR;
				CLANG_WARN_QUOTED_INCLUDE_IN_FRAMEWORK_HEADER = YES;
				CLANG_WARN_RANGE_LOOP_ANALYSIS = YES;
				CLANG_WARN_STRICT_PROTOTYPES = YES;
				CLANG_WARN_SUSPICIOUS_MOVE = YES;
				CLANG_WARN_UNGUARDED_AVAILABILITY = YES_AGGRESSIVE;
				CLANG_WARN_UNREACHABLE_CODE = YES;
				CLANG_WARN__DUPLICATE_METHOD_MATCH = YES;
				COPY_PHASE_STRIP = NO;
				DEBUG_INFORMATION_FORMAT = "dwarf-with-dsym";
				ENABLE_NS_ASSERTIONS = NO;
				ENABLE_STRICT_OBJC_MSGSEND = YES;
				ENABLE_USER_SCRIPT_SANDBOXING = NO;
				GCC_C_LANGUAGE_STANDARD = gnu11;
				GCC_NO_COMMON_BLOCKS = YES;
				GCC_WARN_64_TO_32_BIT_CONVERSION = YES;
				GCC_WARN_ABOUT_RETURN_TYPE = YES_ERROR;
				GCC_WARN_UNDECLARED_SELECTOR = YES;
				GCC_WARN_UNINITIALIZED_AUTOS = YES_AGGRESSIVE;
				GCC_WARN_UNUSED_FUNCTION = YES;
				GCC_WARN_UNUSED_VARIABLE = YES;
				IPHONEOS_DEPLOYMENT_TARGET = 16.0;
				MTL_ENABLE_DEBUG_INFO = NO;
				MTL_FAST_MATH = YES;
				SDKROOT = iphoneos;
				SWIFT_COMPILATION_MODE = wholemodule;
				SWIFT_OPTIMIZATION_LEVEL = "-O";
				VALIDATE_PRODUCT = YES;
			};
			name = Release;
		};
		D70C95A426EB7D6800455017 /* Debug */ = {
			isa = XCBuildConfiguration;
			buildSettings = {
				ASSETCATALOG_COMPILER_APPICON_NAME = AppIcon;
				ASSETCATALOG_COMPILER_GLOBAL_ACCENT_COLOR_NAME = AccentColor;
				CODE_SIGN_STYLE = Automatic;
				CURRENT_PROJECT_VERSION = 2;
				DEVELOPMENT_TEAM = 973295K87L;
				INFOPLIST_FILE = "$(SRCROOT)/Movie-3D-Player/Info.plist";
				INFOPLIST_KEY_LSApplicationCategoryType = "public.app-category.entertainment";
				LD_RUNPATH_SEARCH_PATHS = (
					"$(inherited)",
					"@executable_path/Frameworks",
				);
				MARKETING_VERSION = 1.0;
				PRODUCT_BUNDLE_IDENTIFIER = "com.motodolphin.Movie-3D-Player";
				PRODUCT_NAME = "$(TARGET_NAME)";
				SUPPORTED_PLATFORMS = "iphoneos iphonesimulator";
				SUPPORTS_MACCATALYST = NO;
				SUPPORTS_MAC_DESIGNED_FOR_IPHONE_IPAD = NO;
				SWIFT_VERSION = 5.0;
				TARGETED_DEVICE_FAMILY = 1;
			};
			name = Debug;
		};
		D70C95A526EB7D6800455017 /* Release */ = {
			isa = XCBuildConfiguration;
			buildSettings = {
				ASSETCATALOG_COMPILER_APPICON_NAME = AppIcon;
				ASSETCATALOG_COMPILER_GLOBAL_ACCENT_COLOR_NAME = AccentColor;
				CODE_SIGN_STYLE = Automatic;
				CURRENT_PROJECT_VERSION = 2;
				DEVELOPMENT_TEAM = 973295K87L;
				INFOPLIST_FILE = "$(SRCROOT)/Movie-3D-Player/Info.plist";
				INFOPLIST_KEY_LSApplicationCategoryType = "public.app-category.entertainment";
				LD_RUNPATH_SEARCH_PATHS = (
					"$(inherited)",
					"@executable_path/Frameworks",
				);
				MARKETING_VERSION = 1.0;
				PRODUCT_BUNDLE_IDENTIFIER = "com.motodolphin.Movie-3D-Player";
				PRODUCT_NAME = "$(TARGET_NAME)";
				SUPPORTED_PLATFORMS = "iphoneos iphonesimulator";
				SUPPORTS_MACCATALYST = NO;
				SUPPORTS_MAC_DESIGNED_FOR_IPHONE_IPAD = NO;
				SWIFT_VERSION = 5.0;
				TARGETED_DEVICE_FAMILY = 1;
			};
			name = Release;
		};
/* End XCBuildConfiguration section */

/* Begin XCConfigurationList section */
		D70C958A26EB7D6300455017 /* Build configuration list for PBXProject "Movie-3D-Player" */ = {
			isa = XCConfigurationList;
			buildConfigurations = (
				D70C95A126EB7D6800455017 /* Debug */,
				D70C95A226EB7D6800455017 /* Release */,
			);
			defaultConfigurationIsVisible = 0;
			defaultConfigurationName = Release;
		};
		D70C95A326EB7D6800455017 /* Build configuration list for PBXNativeTarget "Movie-3D-Player" */ = {
			isa = XCConfigurationList;
			buildConfigurations = (
				D70C95A426EB7D6800455017 /* Debug */,
				D70C95A526EB7D6800455017 /* Release */,
			);
			defaultConfigurationIsVisible = 0;
			defaultConfigurationName = Release;
		};
/* End XCConfigurationList section */
	};
	rootObject = D70C958726EB7D6300455017 /* Project object */;
}
